// !$*UTF8*$!
{
	archiveVersion = 1;
	classes = {
	};
	objectVersion = 77;
	objects = {

/* Begin PBXContainerItemProxy section */
		CC6B7CF52E7E4E6E007351CD /* PBXContainerItemProxy */ = {
			isa = PBXContainerItemProxy;
			containerPortal = CC6B7CDF2E7E4E6A007351CD /* Project object */;
			proxyType = 1;
			remoteGlobalIDString = CC6B7CE62E7E4E6A007351CD;
			remoteInfo = mobileTest;
		};
		CC6B7CFF2E7E4E6E007351CD /* PBXContainerItemProxy */ = {
			isa = PBXContainerItemProxy;
			containerPortal = CC6B7CDF2E7E4E6A007351CD /* Project object */;
			proxyType = 1;
			remoteGlobalIDString = CC6B7CE62E7E4E6A007351CD;
			remoteInfo = mobileTest;
		};
/* End PBXContainerItemProxy section */

/* Begin PBXFileReference section */
		CC6B7CE72E7E4E6A007351CD /* mobileTest.app */ = {isa = PBXFileReference; explicitFileType = wrapper.application; includeInIndex = 0; path = mobileTest.app; sourceTree = BUILT_PRODUCTS_DIR; };
		CC6B7CF42E7E4E6E007351CD /* mobileTestTests.xctest */ = {isa = PBXFileReference; explicitFileType = wrapper.cfbundle; includeInIndex = 0; path = mobileTestTests.xctest; sourceTree = BUILT_PRODUCTS_DIR; };
		CC6B7CFE2E7E4E6E007351CD /* mobileTestUITests.xctest */ = {isa = PBXFileReference; explicitFileType = wrapper.cfbundle; includeInIndex = 0; path = mobileTestUITests.xctest; sourceTree = BUILT_PRODUCTS_DIR; };
/* End PBXFileReference section */

/* Begin PBXFileSystemSynchronizedRootGroup section */
		CC6B7CE92E7E4E6A007351CD /* mobileTest */ = {
			isa = PBXFileSystemSynchronizedRootGroup;
			path = mobileTest;
			sourceTree = "<group>";
		};
		CC6B7CF72E7E4E6E007351CD /* mobileTestTests */ = {
			isa = PBXFileSystemSynchronizedRootGroup;
			path = mobileTestTests;
			sourceTree = "<group>";
		};
		CC6B7D012E7E4E6E007351CD /* mobileTestUITests */ = {
			isa = PBXFileSystemSynchronizedRootGroup;
			path = mobileTestUITests;
			sourceTree = "<group>";
		};
/* End PBXFileSystemSynchronizedRootGroup section */

/* Begin PBXFrameworksBuildPhase section */
		CC6B7CE42E7E4E6A007351CD /* Frameworks */ = {
			isa = PBXFrameworksBuildPhase;
			buildActionMask = 2147483647;
			files = (
			);
			runOnlyForDeploymentPostprocessing = 0;
		};
		CC6B7CF12E7E4E6E007351CD /* Frameworks */ = {
			isa = PBXFrameworksBuildPhase;
			buildActionMask = 2147483647;
			files = (
			);
			runOnlyForDeploymentPostprocessing = 0;
		};
		CC6B7CFB2E7E4E6E007351CD /* Frameworks */ = {
			isa = PBXFrameworksBuildPhase;
			buildActionMask = 2147483647;
			files = (
			);
			runOnlyForDeploymentPostprocessing = 0;
		};
/* End PBXFrameworksBuildPhase section */

/* Begin PBXGroup section */
		CC6B7CDE2E7E4E6A007351CD = {
			isa = PBXGroup;
			children = (
				CC6B7CE92E7E4E6A007351CD /* mobileTest */,
				CC6B7CF72E7E4E6E007351CD /* mobileTestTests */,
				CC6B7D012E7E4E6E007351CD /* mobileTestUITests */,
				CC6B7CE82E7E4E6A007351CD /* Products */,
			);
			sourceTree = "<group>";
		};
		CC6B7CE82E7E4E6A007351CD /* Products */ = {
			isa = PBXGroup;
			children = (
				CC6B7CE72E7E4E6A007351CD /* mobileTest.app */,
				CC6B7CF42E7E4E6E007351CD /* mobileTestTests.xctest */,
				CC6B7CFE2E7E4E6E007351CD /* mobileTestUITests.xctest */,
			);
			name = Products;
			sourceTree = "<group>";
		};
/* End PBXGroup section */

/* Begin PBXNativeTarget section */
		CC6B7CE62E7E4E6A007351CD /* mobileTest */ = {
			isa = PBXNativeTarget;
			buildConfigurationList = CC6B7D082E7E4E6E007351CD /* Build configuration list for PBXNativeTarget "mobileTest" */;
			buildPhases = (
				CC6B7CE32E7E4E6A007351CD /* Sources */,
				CC6B7CE42E7E4E6A007351CD /* Frameworks */,
				CC6B7CE52E7E4E6A007351CD /* Resources */,
			);
			buildRules = (
			);
			dependencies = (
			);
			fileSystemSynchronizedGroups = (
				CC6B7CE92E7E4E6A007351CD /* mobileTest */,
			);
			name = mobileTest;
			packageProductDependencies = (
			);
			productName = mobileTest;
			productReference = CC6B7CE72E7E4E6A007351CD /* mobileTest.app */;
			productType = "com.apple.product-type.application";
		};
		CC6B7CF32E7E4E6E007351CD /* mobileTestTests */ = {
			isa = PBXNativeTarget;
			buildConfigurationList = CC6B7D0B2E7E4E6E007351CD /* Build configuration list for PBXNativeTarget "mobileTestTests" */;
			buildPhases = (
				CC6B7CF02E7E4E6E007351CD /* Sources */,
				CC6B7CF12E7E4E6E007351CD /* Frameworks */,
				CC6B7CF22E7E4E6E007351CD /* Resources */,
			);
			buildRules = (
			);
			dependencies = (
				CC6B7CF62E7E4E6E007351CD /* PBXTargetDependency */,
			);
			fileSystemSynchronizedGroups = (
				CC6B7CF72E7E4E6E007351CD /* mobileTestTests */,
			);
			name = mobileTestTests;
			packageProductDependencies = (
			);
			productName = mobileTestTests;
			productReference = CC6B7CF42E7E4E6E007351CD /* mobileTestTests.xctest */;
			productType = "com.apple.product-type.bundle.unit-test";
		};
		CC6B7CFD2E7E4E6E007351CD /* mobileTestUITests */ = {
			isa = PBXNativeTarget;
			buildConfigurationList = CC6B7D0E2E7E4E6E007351CD /* Build configuration list for PBXNativeTarget "mobileTestUITests" */;
			buildPhases = (
				CC6B7CFA2E7E4E6E007351CD /* Sources */,
				CC6B7CFB2E7E4E6E007351CD /* Frameworks */,
				CC6B7CFC2E7E4E6E007351CD /* Resources */,
			);
			buildRules = (
			);
			dependencies = (
				CC6B7D002E7E4E6E007351CD /* PBXTargetDependency */,
			);
			fileSystemSynchronizedGroups = (
				CC6B7D012E7E4E6E007351CD /* mobileTestUITests */,
			);
			name = mobileTestUITests;
			packageProductDependencies = (
			);
			productName = mobileTestUITests;
			productReference = CC6B7CFE2E7E4E6E007351CD /* mobileTestUITests.xctest */;
			productType = "com.apple.product-type.bundle.ui-testing";
		};
/* End PBXNativeTarget section */

/* Begin PBXProject section */
		CC6B7CDF2E7E4E6A007351CD /* Project object */ = {
			isa = PBXProject;
			attributes = {
				BuildIndependentTargetsInParallel = 1;
				LastSwiftUpdateCheck = 1630;
				LastUpgradeCheck = 1630;
				TargetAttributes = {
					CC6B7CE62E7E4E6A007351CD = {
						CreatedOnToolsVersion = 16.3;
					};
					CC6B7CF32E7E4E6E007351CD = {
						CreatedOnToolsVersion = 16.3;
						TestTargetID = CC6B7CE62E7E4E6A007351CD;
					};
					CC6B7CFD2E7E4E6E007351CD = {
						CreatedOnToolsVersion = 16.3;
						TestTargetID = CC6B7CE62E7E4E6A007351CD;
					};
				};
			};
			buildConfigurationList = CC6B7CE22E7E4E6A007351CD /* Build configuration list for PBXProject "mobileTest" */;
			developmentRegion = en;
			hasScannedForEncodings = 0;
			knownRegions = (
				en,
				Base,
				"zh-Hans",
				"zh-Hant",
				ja,
				ko,
			);
			mainGroup = CC6B7CDE2E7E4E6A007351CD;
			minimizedProjectReferenceProxies = 1;
			preferredProjectObjectVersion = 77;
			productRefGroup = CC6B7CE82E7E4E6A007351CD /* Products */;
			projectDirPath = "";
			projectRoot = "";
			targets = (
				CC6B7CE62E7E4E6A007351CD /* mobileTest */,
				CC6B7CF32E7E4E6E007351CD /* mobileTestTests */,
				CC6B7CFD2E7E4E6E007351CD /* mobileTestUITests */,
			);
		};
/* End PBXProject section */

/* Begin PBXResourcesBuildPhase section */
		CC6B7CE52E7E4E6A007351CD /* Resources */ = {
			isa = PBXResourcesBuildPhase;
			buildActionMask = 2147483647;
			files = (
			);
			runOnlyForDeploymentPostprocessing = 0;
		};
		CC6B7CF22E7E4E6E007351CD /* Resources */ = {
			isa = PBXResourcesBuildPhase;
			buildActionMask = 2147483647;
			files = (
			);
			runOnlyForDeploymentPostprocessing = 0;
		};
		CC6B7CFC2E7E4E6E007351CD /* Resources */ = {
			isa = PBXResourcesBuildPhase;
			buildActionMask = 2147483647;
			files = (
			);
			runOnlyForDeploymentPostprocessing = 0;
		};
/* End PBXResourcesBuildPhase section */

/* Begin PBXSourcesBuildPhase section */
		CC6B7CE32E7E4E6A007351CD /* Sources */ = {
			isa = PBXSourcesBuildPhase;
			buildActionMask = 2147483647;
			files = (
			);
			runOnlyForDeploymentPostprocessing = 0;
		};
		CC6B7CF02E7E4E6E007351CD /* Sources */ = {
			isa = PBXSourcesBuildPhase;
			buildActionMask = 2147483647;
			files = (
			);
			runOnlyForDeploymentPostprocessing = 0;
		};
		CC6B7CFA2E7E4E6E007351CD /* Sources */ = {
			isa = PBXSourcesBuildPhase;
			buildActionMask = 2147483647;
			files = (
			);
			runOnlyForDeploymentPostprocessing = 0;
		};
/* End PBXSourcesBuildPhase section */

/* Begin PBXTargetDependency section */
		CC6B7CF62E7E4E6E007351CD /* PBXTargetDependency */ = {
			isa = PBXTargetDependency;
			target = CC6B7CE62E7E4E6A007351CD /* mobileTest */;
			targetProxy = CC6B7CF52E7E4E6E007351CD /* PBXContainerItemProxy */;
		};
		CC6B7D002E7E4E6E007351CD /* PBXTargetDependency */ = {
			isa = PBXTargetDependency;
			target = CC6B7CE62E7E4E6A007351CD /* mobileTest */;
			targetProxy = CC6B7CFF2E7E4E6E007351CD /* PBXContainerItemProxy */;
		};
/* End PBXTargetDependency section */

/* Begin XCBuildConfiguration section */
		CC6B7D062E7E4E6E007351CD /* Debug */ = {
			isa = XCBuildConfiguration;
			buildSettings = {
				ALWAYS_SEARCH_USER_PATHS = NO;
				ASSETCATALOG_COMPILER_GENERATE_SWIFT_ASSET_SYMBOL_EXTENSIONS = YES;
				CLANG_ANALYZER_NONNULL = YES;
				CLANG_ANALYZER_NUMBER_OBJECT_CONVERSION = YES_AGGRESSIVE;
				CLANG_CXX_LANGUAGE_STANDARD = "gnu++20";
				CLANG_ENABLE_MODULES = YES;
				CLANG_ENABLE_OBJC_ARC = YES;
				CLANG_ENABLE_OBJC_WEAK = YES;
				CLANG_WARN_BLOCK_CAPTURE_AUTORELEASING = YES;
				CLANG_WARN_BOOL_CONVERSION = YES;
				CLANG_WARN_COMMA = YES;
				CLANG_WARN_CONSTANT_CONVERSION = YES;
				CLANG_WARN_DEPRECATED_OBJC_IMPLEMENTATIONS = YES;
				CLANG_WARN_DIRECT_OBJC_ISA_USAGE = YES_ERROR;
				CLANG_WARN_DOCUMENTATION_COMMENTS = YES;
				CLANG_WARN_EMPTY_BODY = YES;
				CLANG_WARN_ENUM_CONVERSION = YES;
				CLANG_WARN_INFINITE_RECURSION = YES;
				CLANG_WARN_INT_CONVERSION = YES;
				CLANG_WARN_NON_LITERAL_NULL_CONVERSION = YES;
				CLANG_WARN_OBJC_IMPLICIT_RETAIN_SELF = YES;
				CLANG_WARN_OBJC_LITERAL_CONVERSION = YES;
				CLANG_WARN_OBJC_ROOT_CLASS = YES_ERROR;
				CLANG_WARN_QUOTED_INCLUDE_IN_FRAMEWORK_HEADER = YES;
				CLANG_WARN_RANGE_LOOP_ANALYSIS = YES;
				CLANG_WARN_STRICT_PROTOTYPES = YES;
				CLANG_WARN_SUSPICIOUS_MOVE = YES;
				CLANG_WARN_UNGUARDED_AVAILABILITY = YES_AGGRESSIVE;
				CLANG_WARN_UNREACHABLE_CODE = YES;
				CLANG_WARN__DUPLICATE_METHOD_MATCH = YES;
				COPY_PHASE_STRIP = NO;
				DEBUG_INFORMATION_FORMAT = dwarf;
				DEVELOPMENT_TEAM = LUM53NQA4P;
				ENABLE_STRICT_OBJC_MSGSEND = YES;
				ENABLE_TESTABILITY = YES;
				ENABLE_USER_SCRIPT_SANDBOXING = YES;
				GCC_C_LANGUAGE_STANDARD = gnu17;
				GCC_DYNAMIC_NO_PIC = NO;
				GCC_NO_COMMON_BLOCKS = YES;
				GCC_OPTIMIZATION_LEVEL = 0;
				GCC_PREPROCESSOR_DEFINITIONS = (
					"DEBUG=1",
					"$(inherited)",
				);
				GCC_WARN_64_TO_32_BIT_CONVERSION = YES;
				GCC_WARN_ABOUT_RETURN_TYPE = YES_ERROR;
				GCC_WARN_UNDECLARED_SELECTOR = YES;
				GCC_WARN_UNINITIALIZED_AUTOS = YES_AGGRESSIVE;
				GCC_WARN_UNUSED_FUNCTION = YES;
				GCC_WARN_UNUSED_VARIABLE = YES;
				IPHONEOS_DEPLOYMENT_TARGET = 18.4;
				LOCALIZATION_PREFERS_STRING_CATALOGS = YES;
				MTL_ENABLE_DEBUG_INFO = INCLUDE_SOURCE;
				MTL_FAST_MATH = YES;
				ONLY_ACTIVE_ARCH = YES;
				SDKROOT = iphoneos;
				SWIFT_ACTIVE_COMPILATION_CONDITIONS = "DEBUG $(inherited)";
				SWIFT_OPTIMIZATION_LEVEL = "-Onone";
			};
			name = Debug;
		};
		CC6B7D072E7E4E6E007351CD /* Release */ = {
			isa = XCBuildConfiguration;
			buildSettings = {
				ALWAYS_SEARCH_USER_PATHS = NO;
				ASSETCATALOG_COMPILER_GENERATE_SWIFT_ASSET_SYMBOL_EXTENSIONS = YES;
				CLANG_ANALYZER_NONNULL = YES;
				CLANG_ANALYZER_NUMBER_OBJECT_CONVERSION = YES_AGGRESSIVE;
				CLANG_CXX_LANGUAGE_STANDARD = "gnu++20";
				CLANG_ENABLE_MODULES = YES;
				CLANG_ENABLE_OBJC_ARC = YES;
				CLANG_ENABLE_OBJC_WEAK = YES;
				CLANG_WARN_BLOCK_CAPTURE_AUTORELEASING = YES;
				CLANG_WARN_BOOL_CONVERSION = YES;
				CLANG_WARN_COMMA = YES;
				CLANG_WARN_CONSTANT_CONVERSION = YES;
				CLANG_WARN_DEPRECATED_OBJC_IMPLEMENTATIONS = YES;
				CLANG_WARN_DIRECT_OBJC_ISA_USAGE = YES_ERROR;
				CLANG_WARN_DOCUMENTATION_COMMENTS = YES;
				CLANG_WARN_EMPTY_BODY = YES;
				CLANG_WARN_ENUM_CONVERSION = YES;
				CLANG_WARN_INFINITE_RECURSION = YES;
				CLANG_WARN_INT_CONVERSION = YES;
				CLANG_WARN_NON_LITERAL_NULL_CONVERSION = YES;
				CLANG_WARN_OBJC_IMPLICIT_RETAIN_SELF = YES;
				CLANG_WARN_OBJC_LITERAL_CONVERSION = YES;
				CLANG_WARN_OBJC_ROOT_CLASS = YES_ERROR;
				CLANG_WARN_QUOTED_INCLUDE_IN_FRAMEWORK_HEADER = YES;
				CLANG_WARN_RANGE_LOOP_ANALYSIS = YES;
				CLANG_WARN_STRICT_PROTOTYPES = YES;
				CLANG_WARN_SUSPICIOUS_MOVE = YES;
				CLANG_WARN_UNGUARDED_AVAILABILITY = YES_AGGRESSIVE;
				CLANG_WARN_UNREACHABLE_CODE = YES;
				CLANG_WARN__DUPLICATE_METHOD_MATCH = YES;
				COPY_PHASE_STRIP = NO;
				DEBUG_INFORMATION_FORMAT = "dwarf-with-dsym";
				DEVELOPMENT_TEAM = LUM53NQA4P;
				ENABLE_NS_ASSERTIONS = NO;
				ENABLE_STRICT_OBJC_MSGSEND = YES;
				ENABLE_USER_SCRIPT_SANDBOXING = YES;
				GCC_C_LANGUAGE_STANDARD = gnu17;
				GCC_NO_COMMON_BLOCKS = YES;
				GCC_WARN_64_TO_32_BIT_CONVERSION = YES;
				GCC_WARN_ABOUT_RETURN_TYPE = YES_ERROR;
				GCC_WARN_UNDECLARED_SELECTOR = YES;
				GCC_WARN_UNINITIALIZED_AUTOS = YES_AGGRESSIVE;
				GCC_WARN_UNUSED_FUNCTION = YES;
				GCC_WARN_UNUSED_VARIABLE = YES;
				IPHONEOS_DEPLOYMENT_TARGET = 18.4;
				LOCALIZATION_PREFERS_STRING_CATALOGS = YES;
				MTL_ENABLE_DEBUG_INFO = NO;
				MTL_FAST_MATH = YES;
				SDKROOT = iphoneos;
				SWIFT_COMPILATION_MODE = wholemodule;
				VALIDATE_PRODUCT = YES;
			};
			name = Release;
		};
		CC6B7D092E7E4E6E007351CD /* Debug */ = {
			isa = XCBuildConfiguration;
			buildSettings = {
				ASSETCATALOG_COMPILER_APPICON_NAME = AppIcon;
				ASSETCATALOG_COMPILER_GLOBAL_ACCENT_COLOR_NAME = AccentColor;
				CODE_SIGN_STYLE = Automatic;
				CURRENT_PROJECT_VERSION = 1;
				DEVELOPMENT_TEAM = LUM53NQA4P;
				ENABLE_PREVIEWS = YES;
				GENERATE_INFOPLIST_FILE = YES;
				INFOPLIST_KEY_UIApplicationSceneManifest_Generation = YES;
				INFOPLIST_KEY_UIApplicationSupportsIndirectInputEvents = YES;
				INFOPLIST_KEY_UILaunchScreen_Generation = YES;
				INFOPLIST_KEY_UISupportedInterfaceOrientations_iPad = "UIInterfaceOrientationPortrait UIInterfaceOrientationPortraitUpsideDown UIInterfaceOrientationLandscapeLeft UIInterfaceOrientationLandscapeRight";
				INFOPLIST_KEY_UISupportedInterfaceOrientations_iPhone = "UIInterfaceOrientationPortrait UIInterfaceOrientationLandscapeLeft UIInterfaceOrientationLandscapeRight";
				LD_RUNPATH_SEARCH_PATHS = (
					"$(inherited)",
					"@executable_path/Frameworks",
				);
				MARKETING_VERSION = 1.0;
				PRODUCT_BUNDLE_IDENTIFIER = com.xieruizhao.mobileTest;
				PRODUCT_NAME = "$(TARGET_NAME)";
				SWIFT_EMIT_LOC_STRINGS = YES;
				SWIFT_VERSION = 5.0;
				TARGETED_DEVICE_FAMILY = "1,2";
			};
			name = Debug;
		};
		CC6B7D0A2E7E4E6E007351CD /* Release */ = {
			isa = XCBuildConfiguration;
			buildSettings = {
				ASSETCATALOG_COMPILER_APPICON_NAME = AppIcon;
				ASSETCATALOG_COMPILER_GLOBAL_ACCENT_COLOR_NAME = AccentColor;
				CODE_SIGN_STYLE = Automatic;
				CURRENT_PROJECT_VERSION = 1;
				DEVELOPMENT_TEAM = LUM53NQA4P;
				ENABLE_PREVIEWS = YES;
				GENERATE_INFOPLIST_FILE = YES;
				INFOPLIST_KEY_UIApplicationSceneManifest_Generation = YES;
				INFOPLIST_KEY_UIApplicationSupportsIndirectInputEvents = YES;
				INFOPLIST_KEY_UILaunchScreen_Generation = YES;
				INFOPLIST_KEY_UISupportedInterfaceOrientations_iPad = "UIInterfaceOrientationPortrait UIInterfaceOrientationPortraitUpsideDown UIInterfaceOrientationLandscapeLeft UIInterfaceOrientationLandscapeRight";
				INFOPLIST_KEY_UISupportedInterfaceOrientations_iPhone = "UIInterfaceOrientationPortrait UIInterfaceOrientationLandscapeLeft UIInterfaceOrientationLandscapeRight";
				LD_RUNPATH_SEARCH_PATHS = (
					"$(inherited)",
					"@executable_path/Frameworks",
				);
				MARKETING_VERSION = 1.0;
				PRODUCT_BUNDLE_IDENTIFIER = com.xieruizhao.mobileTest;
				PRODUCT_NAME = "$(TARGET_NAME)";
				SWIFT_EMIT_LOC_STRINGS = YES;
				SWIFT_VERSION = 5.0;
				TARGETED_DEVICE_FAMILY = "1,2";
			};
			name = Release;
		};
		CC6B7D0C2E7E4E6E007351CD /* Debug */ = {
			isa = XCBuildConfiguration;
			buildSettings = {
				BUNDLE_LOADER = "$(TEST_HOST)";
				CODE_SIGN_STYLE = Automatic;
				CURRENT_PROJECT_VERSION = 1;
				DEVELOPMENT_TEAM = LUM53NQA4P;
				GENERATE_INFOPLIST_FILE = YES;
				IPHONEOS_DEPLOYMENT_TARGET = 18.4;
				MARKETING_VERSION = 1.0;
				PRODUCT_BUNDLE_IDENTIFIER = com.xieruizhao.mobileTestTests;
				PRODUCT_NAME = "$(TARGET_NAME)";
				SWIFT_EMIT_LOC_STRINGS = NO;
				SWIFT_VERSION = 5.0;
				TARGETED_DEVICE_FAMILY = "1,2";
				TEST_HOST = "$(BUILT_PRODUCTS_DIR)/mobileTest.app/$(BUNDLE_EXECUTABLE_FOLDER_PATH)/mobileTest";
			};
			name = Debug;
		};
		CC6B7D0D2E7E4E6E007351CD /* Release */ = {
			isa = XCBuildConfiguration;
			buildSettings = {
				BUNDLE_LOADER = "$(TEST_HOST)";
				CODE_SIGN_STYLE = Automatic;
				CURRENT_PROJECT_VERSION = 1;
				DEVELOPMENT_TEAM = LUM53NQA4P;
				GENERATE_INFOPLIST_FILE = YES;
				IPHONEOS_DEPLOYMENT_TARGET = 18.4;
				MARKETING_VERSION = 1.0;
				PRODUCT_BUNDLE_IDENTIFIER = com.xieruizhao.mobileTestTests;
				PRODUCT_NAME = "$(TARGET_NAME)";
				SWIFT_EMIT_LOC_STRINGS = NO;
				SWIFT_VERSION = 5.0;
				TARGETED_DEVICE_FAMILY = "1,2";
				TEST_HOST = "$(BUILT_PRODUCTS_DIR)/mobileTest.app/$(BUNDLE_EXECUTABLE_FOLDER_PATH)/mobileTest";
			};
			name = Release;
		};
		CC6B7D0F2E7E4E6E007351CD /* Debug */ = {
			isa = XCBuildConfiguration;
			buildSettings = {
				CODE_SIGN_STYLE = Automatic;
				CURRENT_PROJECT_VERSION = 1;
				DEVELOPMENT_TEAM = LUM53NQA4P;
				GENERATE_INFOPLIST_FILE = YES;
				MARKETING_VERSION = 1.0;
				PRODUCT_BUNDLE_IDENTIFIER = com.xieruizhao.mobileTestUITests;
				PRODUCT_NAME = "$(TARGET_NAME)";
				SWIFT_EMIT_LOC_STRINGS = NO;
				SWIFT_VERSION = 5.0;
				TARGETED_DEVICE_FAMILY = "1,2";
				TEST_TARGET_NAME = mobileTest;
			};
			name = Debug;
		};
		CC6B7D102E7E4E6E007351CD /* Release */ = {
			isa = XCBuildConfiguration;
			buildSettings = {
				CODE_SIGN_STYLE = Automatic;
				CURRENT_PROJECT_VERSION = 1;
				DEVELOPMENT_TEAM = LUM53NQA4P;
				GENERATE_INFOPLIST_FILE = YES;
				MARKETING_VERSION = 1.0;
				PRODUCT_BUNDLE_IDENTIFIER = com.xieruizhao.mobileTestUITests;
				PRODUCT_NAME = "$(TARGET_NAME)";
				SWIFT_EMIT_LOC_STRINGS = NO;
				SWIFT_VERSION = 5.0;
				TARGETED_DEVICE_FAMILY = "1,2";
				TEST_TARGET_NAME = mobileTest;
			};
			name = Release;
		};
/* End XCBuildConfiguration section */

/* Begin XCConfigurationList section */
		CC6B7CE22E7E4E6A007351CD /* Build configuration list for PBXProject "mobileTest" */ = {
			isa = XCConfigurationList;
			buildConfigurations = (
				CC6B7D062E7E4E6E007351CD /* Debug */,
				CC6B7D072E7E4E6E007351CD /* Release */,
			);
			defaultConfigurationIsVisible = 0;
			defaultConfigurationName = Release;
		};
		CC6B7D082E7E4E6E007351CD /* Build configuration list for PBXNativeTarget "mobileTest" */ = {
			isa = XCConfigurationList;
			buildConfigurations = (
				CC6B7D092E7E4E6E007351CD /* Debug */,
				CC6B7D0A2E7E4E6E007351CD /* Release */,
			);
			defaultConfigurationIsVisible = 0;
			defaultConfigurationName = Release;
		};
		CC6B7D0B2E7E4E6E007351CD /* Build configuration list for PBXNativeTarget "mobileTestTests" */ = {
			isa = XCConfigurationList;
			buildConfigurations = (
				CC6B7D0C2E7E4E6E007351CD /* Debug */,
				CC6B7D0D2E7E4E6E007351CD /* Release */,
			);
			defaultConfigurationIsVisible = 0;
			defaultConfigurationName = Release;
		};
		CC6B7D0E2E7E4E6E007351CD /* Build configuration list for PBXNativeTarget "mobileTestUITests" */ = {
			isa = XCConfigurationList;
			buildConfigurations = (
				CC6B7D0F2E7E4E6E007351CD /* Debug */,
				CC6B7D102E7E4E6E007351CD /* Release */,
			);
			defaultConfigurationIsVisible = 0;
			defaultConfigurationName = Release;
		};
/* End XCConfigurationList section */
	};
	rootObject = CC6B7CDF2E7E4E6A007351CD /* Project object */;
}
